{
  "name": "@unifedev/thread-pages",
  "version": "1.10.1",
  "lockfileVersion": 3,
  "requires": true,
  "packages": {
    "": {
      "name": "@unifedev/thread-pages",
      "version": "1.10.1",
      "license": "MIT",
      "dependencies": {
        "parse5": "^8.0.1"
      },
      "devDependencies": {
        "@get-bb/plugin-sdk": "0.4.47",
        "@types/better-sqlite3": "^7.6.13",
        "@types/node": "^22.10.0",
        "hono": "^4.13.13",
        "typescript": "^5.7.2",
        "zod": "^4.3.6"
      },
      "engines": {
        "bb": ">=0.42",
        "bbPluginSdk": ">=0.4.47"
      }
    },
    "node_modules/@get-bb/plugin-sdk": {
      "version": "0.4.47",
      "resolved": "https://registry.npmjs.org/@get-bb/plugin-sdk/-/plugin-sdk-0.4.47.tgz",
      "integrity": "sha512-qGUaLAzAZM/BCAAK8iTetlSwzRplw/BtMXqamgjVD2nKFKucOPAWzQOp/CtufS3t/1p7cfQ09rZwUYtnXtKFIQ==",
      "dev": true,
      "peerDependencies": {
        "@testing-library/react": "^16.3.2",
        "@types/better-sqlite3": "^7.6.12",
        "@types/react": "^19.0.0",
        "better-sqlite3": ">=12",
        "cron-parser": "^5.5.0",
        "hono": "^4.11.9",
        "react": "^19.0.0",
        "react-dom": "^19.0.0",
        "zod": "^4.3.6"
      },
      "peerDependenciesMeta": {
        "@testing-library/react": {
          "optional": true
        },
        "@types/better-sqlite3": {
          "optional": true
        },
        "@types/react": {
          "optional": true
        },
        "better-sqlite3": {
          "optional": true
        },
        "cron-parser": {
          "optional": true
        },
        "hono": {
          "optional": true
        },
        "react": {
          "optional": true
        },
        "react-dom": {
          "optional": true
        },
        "zod": {
          "optional": true
        }
      }
    },
    "node_modules/@types/better-sqlite3": {
      "version": "7.6.13",
      "resolved": "https://registry.npmjs.org/@types/better-sqlite3/-/better-sqlite3-7.6.13.tgz",
      "integrity": "sha512-NMv9ASNARoKksWtsq/SHakpYAYnhBrQgGD8zkLYk/jaK8jUGn08CfEdTRgYhMypUQAfzSP8W6gNLe0q19/t4VA==",
      "dev": true,
      "license": "MIT",
      "dependencies": {
        "@types/node": "*"
      }
    },
    "node_modules/@types/node": {
      "version": "22.20.5",
      "resolved": "https://registry.npmjs.org/@types/node/-/node-22.20.5.tgz",
      "integrity": "sha512-U2+DNr+wSjpsTS/wZGYHq7GcwfuSmKiKvoPvK22zwTlRhU91yOniN4qRR5KhIjvif7ysw/dz/hKmfDH0Ris4aA==",
      "dev": true,
      "license": "MIT",
      "dependencies": {
        "undici-types": "~6.21.0"
      }
    },
    "node_modules/entities": {
      "version": "8.1.0",
      "resolved": "https://registry.npmjs.org/entities/-/entities-8.1.0.tgz",
      "integrity": "sha512-kxL7msIffSuh9aaFAMD7rxAIuTRMAHMeBtgHW2yUdWw732ZNh4MehkF2gdjvtdmikkaIP9bFDDJOPlsvm7avrA==",
      "license": "BSD-2-Clause",
      "engines": {
        "node": ">=20.19.0"
      },
      "funding": {
        "url": "https://github.com/fb55/entities?sponsor=1"
      }
    },
    "node_modules/hono": {
      "version": "4.13.13",
      "resolved": "https://registry.npmjs.org/hono/-/hono-4.13.13.tgz",
      "integrity": "sha512-CQ46U0ZkAGmbT/4UxdzzGJpacP2IeKgY4a5/tOI9AABbpOMfK739wfDXmv1usCk+3RkKj1hQy4/fjhiwa2xlrA==",
      "dev": true,
      "license": "MIT",
      "engines": {
        "node": ">=16.9.0"
      }
    },
    "node_modules/parse5": {
      "version": "8.0.1",
      "resolved": "https://registry.npmjs.org/parse5/-/parse5-8.0.1.tgz",
      "integrity": "sha512-z1e/HMG90obSGeidlli3hj7cbocou0/wa5HacvI3ASx34PecNjNQeaHNo5WIZpWofN9kgkqV1q5YvXe3F0FoPw==",
      "license": "MIT",
      "dependencies": {
        "entities": "^8.0.0"
      },
      "funding": {
        "url": "https://github.com/inikulin/parse5?sponsor=1"
      }
    },
    "node_modules/typescript": {
      "version": "5.9.3",
      "resolved": "https://registry.npmjs.org/typescript/-/typescript-5.9.3.tgz",
      "integrity": "sha512-jl1vZzPDinLr9eUt3J/t7V6FgNEw9QjvBPdysz9KfQDD41fQrC2Y4vKQdiaUpFT4bXlb1RHhLpp8wtm6M5TgSw==",
      "dev": true,
      "license": "Apache-2.0",
      "bin": {
        "tsc": "bin/tsc",
        "tsserver": "bin/tsserver"
      },
      "engines": {
        "node": ">=14.17"
      }
    },
    "node_modules/undici-types": {
      "version": "6.21.0",
      "resolved": "https://registry.npmjs.org/undici-types/-/undici-types-6.21.0.tgz",
      "integrity": "sha512-iwDZqg0QAGrg9Rav5H4n0M64c3mkR59cJ6wQp+7C4nI0gsmExaedaYLNO44eT4AtBBwjbTiGPMlt2Md0T9H9JQ==",
      "dev": true,
      "license": "MIT"
    },
    "node_modules/zod": {
      "version": "4.6.5",
      "resolved": "https://registry.npmjs.org/zod/-/zod-4.6.5.tgz",
      "integrity": "sha512-v5l/aFXZQeai4awLbOpSoHecE9UiMrnfx75tEXLjNonXVARxQ5mOeipTjROUchszUNCqnE+hqAMujRsRHsut2Q==",
      "dev": true,
      "license": "MIT",
      "funding": {
        "url": "https://github.com/sponsors/colinhacks"
      }
    }
  }
}
